
Microsoft Visual Studio Solution File, Format Version 11.00
# Visual Studio 2010
Project("{FAE04EC0-301F-11D3-BF4B-00C04F79EFBC}") = "Assembly-CSharp", "Assembly-CSharp.csproj", "{B88187D0-AFFB-0ADB-944A-7BAA6F0AFA46}"
EndProject
Global
	GlobalSection(SolutionConfigurationPlatforms) = preSolution
		Debug|Any CPU = Debug|Any CPU
		Release|Any CPU = Release|Any CPU
	EndGlobalSection
	GlobalSection(ProjectConfigurationPlatforms) = postSolution
		{B88187D0-AFFB-0ADB-944A-7BAA6F0AFA46}.Debug|Any CPU.ActiveCfg = Debug|Any CPU
		{B88187D0-AFFB-0ADB-944A-7BAA6F0AFA46}.Debug|Any CPU.Build.0 = Debug|Any CPU
		{B88187D0-AFFB-0ADB-944A-7BAA6F0AFA46}.Release|Any CPU.ActiveCfg = Release|Any CPU
		{B88187D0-AFFB-0ADB-944A-7BAA6F0AFA46}.Release|Any CPU.Build.0 = Release|Any CPU
	EndGlobalSection
	GlobalSection(SolutionProperties) = preSolution
		HideSolutionNode = FALSE
	EndGlobalSection
EndGlobal
